
Microsoft Visual Studio Solution File, Format Version 12.00
# Visual Studio Version 17
VisualStudioVersion = 17.4.33122.133
MinimumVisualStudioVersion = 10.0.40219.1
Project("{FAE04EC0-301F-11D3-BF4B-00C04F79EFBC}") = "Student_Management_System", "Student_Management_System\Student_Management_System.csproj", "{CF291449-DBDF-444D-96FD-7D2BC77C7CDE}"
EndProject
Global
	GlobalSection(SolutionConfigurationPlatforms) = preSolution
		Debug|Any CPU = Debug|Any CPU
		Release|Any CPU = Release|Any CPU
	EndGlobalSection
	GlobalSection(ProjectConfigurationPlatforms) = postSolution
		{CF291449-DBDF-444D-96FD-7D2BC77C7CDE}.Debug|Any CPU.ActiveCfg = Debug|Any CPU
		{CF291449-DBDF-444D-96FD-7D2BC77C7CDE}.Debug|Any CPU.Build.0 = Debug|Any CPU
		{CF291449-DBDF-444D-96FD-7D2BC77C7CDE}.Release|Any CPU.ActiveCfg = Release|Any CPU
		{CF291449-DBDF-444D-96FD-7D2BC77C7CDE}.Release|Any CPU.Build.0 = Release|Any CPU
	EndGlobalSection
	GlobalSection(SolutionProperties) = preSolution
		HideSolutionNode = FALSE
	EndGlobalSection
	GlobalSection(ExtensibilityGlobals) = postSolution
		SolutionGuid = {7491CFDA-D78A-40D0-96AC-972E483AF4F9}
	EndGlobalSection
EndGlobal
